
Microsoft Visual Studio Solution File, Format Version 12.00
# Visual Studio Version 17
VisualStudioVersion = 17.14.36908.2 d17.14
MinimumVisualStudioVersion = 10.0.40219.1
Project("{FAE04EC0-301F-11D3-BF4B-00C04F79EFBC}") = "GeomAPIgenerator", "GeomAPIgenerator.csproj", "{BDF5AE34-9B04-4D9F-0643-B52F9660B8A6}"
EndProject
Global
	GlobalSection(SolutionConfigurationPlatforms) = preSolution
		Debug|Any CPU = Debug|Any CPU
		Release|Any CPU = Release|Any CPU
	EndGlobalSection
	GlobalSection(ProjectConfigurationPlatforms) = postSolution
		{BDF5AE34-9B04-4D9F-0643-B52F9660B8A6}.Debug|Any CPU.ActiveCfg = Debug|Any CPU
		{BDF5AE34-9B04-4D9F-0643-B52F9660B8A6}.Debug|Any CPU.Build.0 = Debug|Any CPU
		{BDF5AE34-9B04-4D9F-0643-B52F9660B8A6}.Release|Any CPU.ActiveCfg = Release|Any CPU
		{BDF5AE34-9B04-4D9F-0643-B52F9660B8A6}.Release|Any CPU.Build.0 = Release|Any CPU
	EndGlobalSection
	GlobalSection(SolutionProperties) = preSolution
		HideSolutionNode = FALSE
	EndGlobalSection
	GlobalSection(ExtensibilityGlobals) = postSolution
		SolutionGuid = {2AA0BBB9-AF64-492D-916A-85FC4C56A83B}
	EndGlobalSection
EndGlobal
